
Microsoft Visual Studio Solution File, Format Version 12.00
# Visual Studio Version 16
VisualStudioVersion = 16.0.34601.136
MinimumVisualStudioVersion = 10.0.40219.1
Project("{FAE04EC0-301F-11D3-BF4B-00C04F79EFBC}") = "PolymorphismAssignment", "PolymorphismAssignment.csproj", "{0D423FD3-4E9B-4D43-B476-F40E7F1287CC}"
EndProject
Global
	GlobalSection(SolutionConfigurationPlatforms) = preSolution
		Debug|Any CPU = Debug|Any CPU
		Release|Any CPU = Release|Any CPU
	EndGlobalSection
	GlobalSection(ProjectConfigurationPlatforms) = postSolution
		{0D423FD3-4E9B-4D43-B476-F40E7F1287CC}.Debug|Any CPU.ActiveCfg = Debug|Any CPU
		{0D423FD3-4E9B-4D43-B476-F40E7F1287CC}.Debug|Any CPU.Build.0 = Debug|Any CPU
		{0D423FD3-4E9B-4D43-B476-F40E7F1287CC}.Release|Any CPU.ActiveCfg = Release|Any CPU
		{0D423FD3-4E9B-4D43-B476-F40E7F1287CC}.Release|Any CPU.Build.0 = Release|Any CPU
	EndGlobalSection
	GlobalSection(SolutionProperties) = preSolution
		HideSolutionNode = FALSE
	EndGlobalSection
	GlobalSection(ExtensibilityGlobals) = postSolution
		SolutionGuid = {03B6A098-784B-4B8A-8943-1F384D16665C}
	EndGlobalSection
EndGlobal
