
Microsoft Visual Studio Solution File, Format Version 12.00
# Visual Studio Version 16
VisualStudioVersion = 16.0.34601.136
MinimumVisualStudioVersion = 10.0.40219.1
Project("{FAE04EC0-301F-11D3-BF4B-00C04F79EFBC}") = "Lambda_Expression", "Lambda_Expression.csproj", "{4AC3F843-01BB-4187-9823-975D4B8A2E54}"
EndProject
Global
	GlobalSection(SolutionConfigurationPlatforms) = preSolution
		Debug|Any CPU = Debug|Any CPU
		Release|Any CPU = Release|Any CPU
	EndGlobalSection
	GlobalSection(ProjectConfigurationPlatforms) = postSolution
		{4AC3F843-01BB-4187-9823-975D4B8A2E54}.Debug|Any CPU.ActiveCfg = Debug|Any CPU
		{4AC3F843-01BB-4187-9823-975D4B8A2E54}.Debug|Any CPU.Build.0 = Debug|Any CPU
		{4AC3F843-01BB-4187-9823-975D4B8A2E54}.Release|Any CPU.ActiveCfg = Release|Any CPU
		{4AC3F843-01BB-4187-9823-975D4B8A2E54}.Release|Any CPU.Build.0 = Release|Any CPU
	EndGlobalSection
	GlobalSection(SolutionProperties) = preSolution
		HideSolutionNode = FALSE
	EndGlobalSection
	GlobalSection(ExtensibilityGlobals) = postSolution
		SolutionGuid = {6646EE9B-28B1-417E-9B19-8CD4A1DDE3F6}
	EndGlobalSection
EndGlobal
